// !$*UTF8*$!
{
	archiveVersion = 1;
	classes = {
	};
	objectVersion = 46;
	objects = {

/* Begin PBXBuildFile section */
		A1AF95571ECA6726006183AB /* AppDelegate.swift in Sources */ = {isa = PBXBuildFile; fileRef = A1AF95561ECA6726006183AB /* AppDelegate.swift */; };
		A1AF95591ECA6726006183AB /* ViewController.swift in Sources */ = {isa = PBXBuildFile; fileRef = A1AF95581ECA6726006183AB /* ViewController.swift */; };
		A1AF955C1ECA6726006183AB /* Main.storyboard in Resources */ = {isa = PBXBuildFile; fileRef = A1AF955A1ECA6726006183AB /* Main.storyboard */; };
		A1AF955E1ECA6726006183AB /* Assets.xcassets in Resources */ = {isa = PBXBuildFile; fileRef = A1AF955D1ECA6726006183AB /* Assets.xcassets */; };
		A1AF95611ECA6726006183AB /* LaunchScreen.storyboard in Resources */ = {isa = PBXBuildFile; fileRef = A1AF955F1ECA6726006183AB /* LaunchScreen.storyboard */; };
		A1AF956C1ECA6726006183AB /* TipCalculatorTests.swift in Sources */ = {isa = PBXBuildFile; fileRef = A1AF956B1ECA6726006183AB /* TipCalculatorTests.swift */; };
		A1AF95771ECA6726006183AB /* TipCalculatorUITests.swift in Sources */ = {isa = PBXBuildFile; fileRef = A1AF95761ECA6726006183AB /* TipCalculatorUITests.swift */; };
		A1D4EFEA2079A1790087FB10 /* SettingsViewController.swift in Sources */ = {isa = PBXBuildFile; fileRef = A1D4EFE92079A1790087FB10 /* SettingsViewController.swift */; };
/* End PBXBuildFile section */

/* Begin PBXContainerItemProxy section */
		A1AF95681ECA6726006183AB /* PBXContainerItemProxy */ = {
			isa = PBXContainerItemProxy;
			containerPortal = A1AF954B1ECA6726006183AB /* Project object */;
			proxyType = 1;
			remoteGlobalIDString = A1AF95521ECA6726006183AB;
			remoteInfo = TipCalculator;
		};
		A1AF95731ECA6726006183AB /* PBXContainerItemProxy */ = {
			isa = PBXContainerItemProxy;
			containerPortal = A1AF954B1ECA6726006183AB /* Project object */;
			proxyType = 1;
			remoteGlobalIDString = A1AF95521ECA6726006183AB;
			remoteInfo = TipCalculator;
		};
/* End PBXContainerItemProxy section */

/* Begin PBXFileReference section */
		A1AF95531ECA6726006183AB /* TipCalculator.app */ = {isa = PBXFileReference; explicitFileType = wrapper.application; includeInIndex = 0; path = TipCalculator.app; sourceTree = BUILT_PRODUCTS_DIR; };
		A1AF95561ECA6726006183AB /* AppDelegate.swift */ = {isa = PBXFileReference; lastKnownFileType = sourcecode.swift; path = AppDelegate.swift; sourceTree = "<group>"; };
		A1AF95581ECA6726006183AB /* ViewController.swift */ = {isa = PBXFileReference; lastKnownFileType = sourcecode.swift; path = ViewController.swift; sourceTree = "<group>"; };
		A1AF955B1ECA6726006183AB /* Base */ = {isa = PBXFileReference; lastKnownFileType = file.storyboard; name = Base; path = Base.lproj/Main.storyboard; sourceTree = "<group>"; };
		A1AF955D1ECA6726006183AB /* Assets.xcassets */ = {isa = PBXFileReference; lastKnownFileType = folder.assetcatalog; path = Assets.xcassets; sourceTree = "<group>"; };
		A1AF95601ECA6726006183AB /* Base */ = {isa = PBXFileReference; lastKnownFileType = file.storyboard; name = Base; path = Base.lproj/LaunchScreen.storyboard; sourceTree = "<group>"; };
		A1AF95621ECA6726006183AB /* Info.plist */ = {isa = PBXFileReference; lastKnownFileType = text.plist.xml; path = Info.plist; sourceTree = "<group>"; };
		A1AF95671ECA6726006183AB /* TipCalculatorTests.xctest */ = {isa = PBXFileReference; explicitFileType = wrapper.cfbundle; includeInIndex = 0; path = TipCalculatorTests.xctest; sourceTree = BUILT_PRODUCTS_DIR; };
		A1AF956B1ECA6726006183AB /* TipCalculatorTests.swift */ = {isa = PBXFileReference; lastKnownFileType = sourcecode.swift; path = TipCalculatorTests.swift; sourceTree = "<group>"; };
		A1AF956D1ECA6726006183AB /* Info.plist */ = {isa = PBXFileReference; lastKnownFileType = text.plist.xml; path = Info.plist; sourceTree = "<group>"; };
		A1AF95721ECA6726006183AB /* TipCalculatorUITests.xctest */ = {isa = PBXFileReference; explicitFileType = wrapper.cfbundle; includeInIndex = 0; path = TipCalculatorUITests.xctest; sourceTree = BUILT_PRODUCTS_DIR; };
		A1AF95761ECA6726006183AB /* TipCalculatorUITests.swift */ = {isa = PBXFileReference; lastKnownFileType = sourcecode.swift; path = TipCalculatorUITests.swift; sourceTree = "<group>"; };
		A1AF95781ECA6726006183AB /* Info.plist */ = {isa = PBXFileReference; lastKnownFileType = text.plist.xml; path = Info.plist; sourceTree = "<group>"; };
		A1D4EFE92079A1790087FB10 /* SettingsViewController.swift */ = {isa = PBXFileReference; lastKnownFileType = sourcecode.swift; path = SettingsViewController.swift; sourceTree = "<group>"; };
/* End PBXFileReference section */

/* Begin PBXFrameworksBuildPhase section */
		A1AF95501ECA6726006183AB /* Frameworks */ = {
			isa = PBXFrameworksBuildPhase;
			buildActionMask = 2147483647;
			files = (
			);
			runOnlyForDeploymentPostprocessing = 0;
		};
		A1AF95641ECA6726006183AB /* Frameworks */ = {
			isa = PBXFrameworksBuildPhase;
			buildActionMask = 2147483647;
			files = (
			);
			runOnlyForDeploymentPostprocessing = 0;
		};
		A1AF956F1ECA6726006183AB /* Frameworks */ = {
			isa = PBXFrameworksBuildPhase;
			buildActionMask = 2147483647;
			files = (
			);
			runOnlyForDeploymentPostprocessing = 0;
		};
/* End PBXFrameworksBuildPhase section */

/* Begin PBXGroup section */
		A1AF954A1ECA6726006183AB = {
			isa = PBXGroup;
			children = (
				A1AF95551ECA6726006183AB /* TipCalculator */,
				A1AF956A1ECA6726006183AB /* TipCalculatorTests */,
				A1AF95751ECA6726006183AB /* TipCalculatorUITests */,
				A1AF95541ECA6726006183AB /* Products */,
			);
			sourceTree = "<group>";
		};
		A1AF95541ECA6726006183AB /* Products */ = {
			isa = PBXGroup;
			children = (
				A1AF95531ECA6726006183AB /* TipCalculator.app */,
				A1AF95671ECA6726006183AB /* TipCalculatorTests.xctest */,
				A1AF95721ECA6726006183AB /* TipCalculatorUITests.xctest */,
			);
			name = Products;
			sourceTree = "<group>";
		};
		A1AF95551ECA6726006183AB /* TipCalculator */ = {
			isa = PBXGroup;
			children = (
				A1AF95561ECA6726006183AB /* AppDelegate.swift */,
				A1AF95581ECA6726006183AB /* ViewController.swift */,
				A1D4EFE92079A1790087FB10 /* SettingsViewController.swift */,
				A1AF955A1ECA6726006183AB /* Main.storyboard */,
				A1AF955D1ECA6726006183AB /* Assets.xcassets */,
				A1AF955F1ECA6726006183AB /* LaunchScreen.storyboard */,
				A1AF95621ECA6726006183AB /* Info.plist */,
			);
			path = TipCalculator;
			sourceTree = "<group>";
		};
		A1AF956A1ECA6726006183AB /* TipCalculatorTests */ = {
			isa = PBXGroup;
			children = (
				A1AF956B1ECA6726006183AB /* TipCalculatorTests.swift */,
				A1AF956D1ECA6726006183AB /* Info.plist */,
			);
			path = TipCalculatorTests;
			sourceTree = "<group>";
		};
		A1AF95751ECA6726006183AB /* TipCalculatorUITests */ = {
			isa = PBXGroup;
			children = (
				A1AF95761ECA6726006183AB /* TipCalculatorUITests.swift */,
				A1AF95781ECA6726006183AB /* Info.plist */,
			);
			path = TipCalculatorUITests;
			sourceTree = "<group>";
		};
/* End PBXGroup section */

/* Begin PBXNativeTarget section */
		A1AF95521ECA6726006183AB /* TipCalculator */ = {
			isa = PBXNativeTarget;
			buildConfigurationList = A1AF957B1ECA6726006183AB /* Build configuration list for PBXNativeTarget "TipCalculator" */;
			buildPhases = (
				A1AF954F1ECA6726006183AB /* Sources */,
				A1AF95501ECA6726006183AB /* Frameworks */,
				A1AF95511ECA6726006183AB /* Resources */,
			);
			buildRules = (
			);
			dependencies = (
			);
			name = TipCalculator;
			productName = TipCalculator;
			productReference = A1AF95531ECA6726006183AB /* TipCalculator.app */;
			productType = "com.apple.product-type.application";
		};
		A1AF95661ECA6726006183AB /* TipCalculatorTests */ = {
			isa = PBXNativeTarget;
			buildConfigurationList = A1AF957E1ECA6726006183AB /* Build configuration list for PBXNativeTarget "TipCalculatorTests" */;
			buildPhases = (
				A1AF95631ECA6726006183AB /* Sources */,
				A1AF95641ECA6726006183AB /* Frameworks */,
				A1AF95651ECA6726006183AB /* Resources */,
			);
			buildRules = (
			);
			dependencies = (
				A1AF95691ECA6726006183AB /* PBXTargetDependency */,
			);
			name = TipCalculatorTests;
			productName = TipCalculatorTests;
			productReference = A1AF95671ECA6726006183AB /* TipCalculatorTests.xctest */;
			productType = "com.apple.product-type.bundle.unit-test";
		};
		A1AF95711ECA6726006183AB /* TipCalculatorUITests */ = {
			isa = PBXNativeTarget;
			buildConfigurationList = A1AF95811ECA6726006183AB /* Build configuration list for PBXNativeTarget "TipCalculatorUITests" */;
			buildPhases = (
				A1AF956E1ECA6726006183AB /* Sources */,
				A1AF956F1ECA6726006183AB /* Frameworks */,
				A1AF95701ECA6726006183AB /* Resources */,
			);
			buildRules = (
			);
			dependencies = (
				A1AF95741ECA6726006183AB /* PBXTargetDependency */,
			);
			name = TipCalculatorUITests;
			productName = TipCalculatorUITests;
			productReference = A1AF95721ECA6726006183AB /* TipCalculatorUITests.xctest */;
			productType = "com.apple.product-type.bundle.ui-testing";
		};
/* End PBXNativeTarget section */

/* Begin PBXProject section */
		A1AF954B1ECA6726006183AB /* Project object */ = {
			isa = PBXProject;
			attributes = {
				LastSwiftUpdateCheck = 0830;
				LastUpgradeCheck = 0830;
				ORGANIZATIONNAME = "Andy Wong";
				TargetAttributes = {
					A1AF95521ECA6726006183AB = {
						CreatedOnToolsVersion = 8.3.2;
						DevelopmentTeam = EURL27CLKV;
						ProvisioningStyle = Automatic;
					};
					A1AF95661ECA6726006183AB = {
						CreatedOnToolsVersion = 8.3.2;
						DevelopmentTeam = EURL27CLKV;
						ProvisioningStyle = Automatic;
						TestTargetID = A1AF95521ECA6726006183AB;
					};
					A1AF95711ECA6726006183AB = {
						CreatedOnToolsVersion = 8.3.2;
						DevelopmentTeam = EURL27CLKV;
						ProvisioningStyle = Automatic;
						TestTargetID = A1AF95521ECA6726006183AB;
					};
				};
			};
			buildConfigurationList = A1AF954E1ECA6726006183AB /* Build configuration list for PBXProject "TipCalculator" */;
			compatibilityVersion = "Xcode 3.2";
			developmentRegion = English;
			hasScannedForEncodings = 0;
			knownRegions = (
				en,
				Base,
			);
			mainGroup = A1AF954A1ECA6726006183AB;
			productRefGroup = A1AF95541ECA6726006183AB /* Products */;
			projectDirPath = "";
			projectRoot = "";
			targets = (
				A1AF95521ECA6726006183AB /* TipCalculator */,
				A1AF95661ECA6726006183AB /* TipCalculatorTests */,
				A1AF95711ECA6726006183AB /* TipCalculatorUITests */,
			);
		};
/* End PBXProject section */

/* Begin PBXResourcesBuildPhase section */
		A1AF95511ECA6726006183AB /* Resources */ = {
			isa = PBXResourcesBuildPhase;
			buildActionMask = 2147483647;
			files = (
				A1AF95611ECA6726006183AB /* LaunchScreen.storyboard in Resources */,
				A1AF955E1ECA6726006183AB /* Assets.xcassets in Resources */,
				A1AF955C1ECA6726006183AB /* Main.storyboard in Resources */,
			);
			runOnlyForDeploymentPostprocessing = 0;
		};
		A1AF95651ECA6726006183AB /* Resources */ = {
			isa = PBXResourcesBuildPhase;
			buildActionMask = 2147483647;
			files = (
			);
			runOnlyForDeploymentPostprocessing = 0;
		};
		A1AF95701ECA6726006183AB /* Resources */ = {
			isa = PBXResourcesBuildPhase;
			buildActionMask = 2147483647;
			files = (
			);
			runOnlyForDeploymentPostprocessing = 0;
		};
/* End PBXResourcesBuildPhase section */

/* Begin PBXSourcesBuildPhase section */
		A1AF954F1ECA6726006183AB /* Sources */ = {
			isa = PBXSourcesBuildPhase;
			buildActionMask = 2147483647;
			files = (
				A1AF95591ECA6726006183AB /* ViewController.swift in Sources */,
				A1AF95571ECA6726006183AB /* AppDelegate.swift in Sources */,
				A1D4EFEA2079A1790087FB10 /* SettingsViewController.swift in Sources */,
			);
			runOnlyForDeploymentPostprocessing = 0;
		};
		A1AF95631ECA6726006183AB /* Sources */ = {
			isa = PBXSourcesBuildPhase;
			buildActionMask = 2147483647;
			files = (
				A1AF956C1ECA6726006183AB /* TipCalculatorTests.swift in Sources */,
			);
			runOnlyForDeploymentPostprocessing = 0;
		};
		A1AF956E1ECA6726006183AB /* Sources */ = {
			isa = PBXSourcesBuildPhase;
			buildActionMask = 2147483647;
			files = (
				A1AF95771ECA6726006183AB /* TipCalculatorUITests.swift in Sources */,
			);
			runOnlyForDeploymentPostprocessing = 0;
		};
/* End PBXSourcesBuildPhase section */

/* Begin PBXTargetDependency section */
		A1AF95691ECA6726006183AB /* PBXTargetDependency */ = {
			isa = PBXTargetDependency;
			target = A1AF95521ECA6726006183AB /* TipCalculator */;
			targetProxy = A1AF95681ECA6726006183AB /* PBXContainerItemProxy */;
		};
		A1AF95741ECA6726006183AB /* PBXTargetDependency */ = {
			isa = PBXTargetDependency;
			target = A1AF95521ECA6726006183AB /* TipCalculator */;
			targetProxy = A1AF95731ECA6726006183AB /* PBXContainerItemProxy */;
		};
/* End PBXTargetDependency section */

/* Begin PBXVariantGroup section */
		A1AF955A1ECA6726006183AB /* Main.storyboard */ = {
			isa = PBXVariantGroup;
			children = (
				A1AF955B1ECA6726006183AB /* Base */,
			);
			name = Main.storyboard;
			sourceTree = "<group>";
		};
		A1AF955F1ECA6726006183AB /* LaunchScreen.storyboard */ = {
			isa = PBXVariantGroup;
			children = (
				A1AF95601ECA6726006183AB /* Base */,
			);
			name = LaunchScreen.storyboard;
			sourceTree = "<group>";
		};
/* End PBXVariantGroup section */

/* Begin XCBuildConfiguration section */
		A1AF95791ECA6726006183AB /* Debug */ = {
			isa = XCBuildConfiguration;
			buildSettings = {
				ALWAYS_SEARCH_USER_PATHS = NO;
				CLANG_ANALYZER_NONNULL = YES;
				CLANG_ANALYZER_NUMBER_OBJECT_CONVERSION = YES_AGGRESSIVE;
				CLANG_CXX_LANGUAGE_STANDARD = "gnu++0x";
				CLANG_CXX_LIBRARY = "libc++";
				CLANG_ENABLE_MODULES = YES;
				CLANG_ENABLE_OBJC_ARC = YES;
				CLANG_WARN_BOOL_CONVERSION = YES;
				CLANG_WARN_CONSTANT_CONVERSION = YES;
				CLANG_WARN_DIRECT_OBJC_ISA_USAGE = YES_ERROR;
				CLANG_WARN_DOCUMENTATION_COMMENTS = YES;
				CLANG_WARN_EMPTY_BODY = YES;
				CLANG_WARN_ENUM_CONVERSION = YES;
				CLANG_WARN_INFINITE_RECURSION = YES;
				CLANG_WARN_INT_CONVERSION = YES;
				CLANG_WARN_OBJC_ROOT_CLASS = YES_ERROR;
				CLANG_WARN_SUSPICIOUS_MOVE = YES;
				CLANG_WARN_UNREACHABLE_CODE = YES;
				CLANG_WARN__DUPLICATE_METHOD_MATCH = YES;
				CODE_SIGN_IDENTITY = "iPhone Developer";
				"CODE_SIGN_IDENTITY[sdk=iphoneos*]" = "iPhone Developer";
				COPY_PHASE_STRIP = NO;
				DEBUG_INFORMATION_FORMAT = dwarf;
				ENABLE_STRICT_OBJC_MSGSEND = YES;
				ENABLE_TESTABILITY = YES;
				GCC_C_LANGUAGE_STANDARD = gnu99;
				GCC_DYNAMIC_NO_PIC = NO;
				GCC_NO_COMMON_BLOCKS = YES;
				GCC_OPTIMIZATION_LEVEL = 0;
				GCC_PREPROCESSOR_DEFINITIONS = (
					"DEBUG=1",
					"$(inherited)",
				);
				GCC_WARN_64_TO_32_BIT_CONVERSION = YES;
				GCC_WARN_ABOUT_RETURN_TYPE = YES_ERROR;
				GCC_WARN_UNDECLARED_SELECTOR = YES;
				GCC_WARN_UNINITIALIZED_AUTOS = YES_AGGRESSIVE;
				GCC_WARN_UNUSED_FUNCTION = YES;
				GCC_WARN_UNUSED_VARIABLE = YES;
				IPHONEOS_DEPLOYMENT_TARGET = 10.3;
				MTL_ENABLE_DEBUG_INFO = YES;
				ONLY_ACTIVE_ARCH = YES;
				SDKROOT = iphoneos;
				SWIFT_ACTIVE_COMPILATION_CONDITIONS = DEBUG;
				SWIFT_OPTIMIZATION_LEVEL = "-Onone";
				TARGETED_DEVICE_FAMILY = "1,2";
			};
			name = Debug;
		};
		A1AF957A1ECA6726006183AB /* Release */ = {
			isa = XCBuildConfiguration;
			buildSettings = {
				ALWAYS_SEARCH_USER_PATHS = NO;
				CLANG_ANALYZER_NONNULL = YES;
				CLANG_ANALYZER_NUMBER_OBJECT_CONVERSION = YES_AGGRESSIVE;
				CLANG_CXX_LANGUAGE_STANDARD = "gnu++0x";
				CLANG_CXX_LIBRARY = "libc++";
				CLANG_ENABLE_MODULES = YES;
				CLANG_ENABLE_OBJC_ARC = YES;
				CLANG_WARN_BOOL_CONVERSION = YES;
				CLANG_WARN_CONSTANT_CONVERSION = YES;
				CLANG_WARN_DIRECT_OBJC_ISA_USAGE = YES_ERROR;
				CLANG_WARN_DOCUMENTATION_COMMENTS = YES;
				CLANG_WARN_EMPTY_BODY = YES;
				CLANG_WARN_ENUM_CONVERSION = YES;
				CLANG_WARN_INFINITE_RECURSION = YES;
				CLANG_WARN_INT_CONVERSION = YES;
				CLANG_WARN_OBJC_ROOT_CLASS = YES_ERROR;
				CLANG_WARN_SUSPICIOUS_MOVE = YES;
				CLANG_WARN_UNREACHABLE_CODE = YES;
				CLANG_WARN__DUPLICATE_METHOD_MATCH = YES;
				CODE_SIGN_IDENTITY = "iPhone Developer";
				"CODE_SIGN_IDENTITY[sdk=iphoneos*]" = "iPhone Developer";
				COPY_PHASE_STRIP = NO;
				DEBUG_INFORMATION_FORMAT = "dwarf-with-dsym";
				ENABLE_NS_ASSERTIONS = NO;
				ENABLE_STRICT_OBJC_MSGSEND = YES;
				GCC_C_LANGUAGE_STANDARD = gnu99;
				GCC_NO_COMMON_BLOCKS = YES;
				GCC_WARN_64_TO_32_BIT_CONVERSION = YES;
				GCC_WARN_ABOUT_RETURN_TYPE = YES_ERROR;
				GCC_WARN_UNDECLARED_SELECTOR = YES;
				GCC_WARN_UNINITIALIZED_AUTOS = YES_AGGRESSIVE;
				GCC_WARN_UNUSED_FUNCTION = YES;
				GCC_WARN_UNUSED_VARIABLE = YES;
				IPHONEOS_DEPLOYMENT_TARGET = 10.3;
				MTL_ENABLE_DEBUG_INFO = NO;
				SDKROOT = iphoneos;
				SWIFT_OPTIMIZATION_LEVEL = "-Owholemodule";
				TARGETED_DEVICE_FAMILY = "1,2";
				VALIDATE_PRODUCT = YES;
			};
			name = Release;
		};
		A1AF957C1ECA6726006183AB /* Debug */ = {
			isa = XCBuildConfiguration;
			buildSettings = {
				ASSETCATALOG_COMPILER_APPICON_NAME = AppIcon;
				CODE_SIGN_IDENTITY = "iPhone Developer";
				"CODE_SIGN_IDENTITY[sdk=iphoneos*]" = "iPhone Developer";
				CODE_SIGN_STYLE = Automatic;
				DEVELOPMENT_TEAM = EURL27CLKV;
				INFOPLIST_FILE = TipCalculator/Info.plist;
				IPHONEOS_DEPLOYMENT_TARGET = 9.0;
				LD_RUNPATH_SEARCH_PATHS = "$(inherited) @executable_path/Frameworks";
				PRODUCT_BUNDLE_IDENTIFIER = com.andywong.HandyCalc;
				PRODUCT_NAME = "$(TARGET_NAME)";
				PROVISIONING_PROFILE_SPECIFIER = "";
				SWIFT_VERSION = 3.0;
				TARGETED_DEVICE_FAMILY = "1,2";
			};
			name = Debug;
		};
		A1AF957D1ECA6726006183AB /* Release */ = {
			isa = XCBuildConfiguration;
			buildSettings = {
				ASSETCATALOG_COMPILER_APPICON_NAME = AppIcon;
				CODE_SIGN_IDENTITY = "iPhone Developer";
				"CODE_SIGN_IDENTITY[sdk=iphoneos*]" = "iPhone Developer";
				CODE_SIGN_STYLE = Automatic;
				DEVELOPMENT_TEAM = EURL27CLKV;
				INFOPLIST_FILE = TipCalculator/Info.plist;
				IPHONEOS_DEPLOYMENT_TARGET = 9.0;
				LD_RUNPATH_SEARCH_PATHS = "$(inherited) @executable_path/Frameworks";
				PRODUCT_BUNDLE_IDENTIFIER = com.andywong.HandyCalc;
				PRODUCT_NAME = "$(TARGET_NAME)";
				PROVISIONING_PROFILE_SPECIFIER = "";
				SWIFT_VERSION = 3.0;
				TARGETED_DEVICE_FAMILY = "1,2";
			};
			name = Release;
		};
		A1AF957F1ECA6726006183AB /* Debug */ = {
			isa = XCBuildConfiguration;
			buildSettings = {
				ALWAYS_EMBED_SWIFT_STANDARD_LIBRARIES = YES;
				BUNDLE_LOADER = "$(TEST_HOST)";
				DEVELOPMENT_TEAM = EURL27CLKV;
				INFOPLIST_FILE = TipCalculatorTests/Info.plist;
				LD_RUNPATH_SEARCH_PATHS = "$(inherited) @executable_path/Frameworks @loader_path/Frameworks";
				PRODUCT_BUNDLE_IDENTIFIER = com.andywong.TipCalculatorTests;
				PRODUCT_NAME = "$(TARGET_NAME)";
				SWIFT_VERSION = 3.0;
				TEST_HOST = "$(BUILT_PRODUCTS_DIR)/TipCalculator.app/TipCalculator";
			};
			name = Debug;
		};
		A1AF95801ECA6726006183AB /* Release */ = {
			isa = XCBuildConfiguration;
			buildSettings = {
				ALWAYS_EMBED_SWIFT_STANDARD_LIBRARIES = YES;
				BUNDLE_LOADER = "$(TEST_HOST)";
				DEVELOPMENT_TEAM = EURL27CLKV;
				INFOPLIST_FILE = TipCalculatorTests/Info.plist;
				LD_RUNPATH_SEARCH_PATHS = "$(inherited) @executable_path/Frameworks @loader_path/Frameworks";
				PRODUCT_BUNDLE_IDENTIFIER = com.andywong.TipCalculatorTests;
				PRODUCT_NAME = "$(TARGET_NAME)";
				SWIFT_VERSION = 3.0;
				TEST_HOST = "$(BUILT_PRODUCTS_DIR)/TipCalculator.app/TipCalculator";
			};
			name = Release;
		};
		A1AF95821ECA6726006183AB /* Debug */ = {
			isa = XCBuildConfiguration;
			buildSettings = {
				ALWAYS_EMBED_SWIFT_STANDARD_LIBRARIES = YES;
				DEVELOPMENT_TEAM = EURL27CLKV;
				INFOPLIST_FILE = TipCalculatorUITests/Info.plist;
				LD_RUNPATH_SEARCH_PATHS = "$(inherited) @executable_path/Frameworks @loader_path/Frameworks";
				PRODUCT_BUNDLE_IDENTIFIER = com.andywong.TipCalculatorUITests;
				PRODUCT_NAME = "$(TARGET_NAME)";
				SWIFT_VERSION = 3.0;
				TEST_TARGET_NAME = TipCalculator;
			};
			name = Debug;
		};
		A1AF95831ECA6726006183AB /* Release */ = {
			isa = XCBuildConfiguration;
			buildSettings = {
				ALWAYS_EMBED_SWIFT_STANDARD_LIBRARIES = YES;
				DEVELOPMENT_TEAM = EURL27CLKV;
				INFOPLIST_FILE = TipCalculatorUITests/Info.plist;
				LD_RUNPATH_SEARCH_PATHS = "$(inherited) @executable_path/Frameworks @loader_path/Frameworks";
				PRODUCT_BUNDLE_IDENTIFIER = com.andywong.TipCalculatorUITests;
				PRODUCT_NAME = "$(TARGET_NAME)";
				SWIFT_VERSION = 3.0;
				TEST_TARGET_NAME = TipCalculator;
			};
			name = Release;
		};
/* End XCBuildConfiguration section */

/* Begin XCConfigurationList section */
		A1AF954E1ECA6726006183AB /* Build configuration list for PBXProject "TipCalculator" */ = {
			isa = XCConfigurationList;
			buildConfigurations = (
				A1AF95791ECA6726006183AB /* Debug */,
				A1AF957A1ECA6726006183AB /* Release */,
			);
			defaultConfigurationIsVisible = 0;
			defaultConfigurationName = Release;
		};
		A1AF957B1ECA6726006183AB /* Build configuration list for PBXNativeTarget "TipCalculator" */ = {
			isa = XCConfigurationList;
			buildConfigurations = (
				A1AF957C1ECA6726006183AB /* Debug */,
				A1AF957D1ECA6726006183AB /* Release */,
			);
			defaultConfigurationIsVisible = 0;
			defaultConfigurationName = Release;
		};
		A1AF957E1ECA6726006183AB /* Build configuration list for PBXNativeTarget "TipCalculatorTests" */ = {
			isa = XCConfigurationList;
			buildConfigurations = (
				A1AF957F1ECA6726006183AB /* Debug */,
				A1AF95801ECA6726006183AB /* Release */,
			);
			defaultConfigurationIsVisible = 0;
			defaultConfigurationName = Release;
		};
		A1AF95811ECA6726006183AB /* Build configuration list for PBXNativeTarget "TipCalculatorUITests" */ = {
			isa = XCConfigurationList;
			buildConfigurations = (
				A1AF95821ECA6726006183AB /* Debug */,
				A1AF95831ECA6726006183AB /* Release */,
			);
			defaultConfigurationIsVisible = 0;
			defaultConfigurationName = Release;
		};
/* End XCConfigurationList section */
	};
	rootObject = A1AF954B1ECA6726006183AB /* Project object */;
}
