// !$*UTF8*$!
{
	archiveVersion = 1;
	classes = {
	};
	objectVersion = 46;
	objects = {

/* Begin PBXBuildFile section */
		A10CC1171EC94C3D00B03A40 /* AppDelegate.swift in Sources */ = {isa = PBXBuildFile; fileRef = A10CC1161EC94C3D00B03A40 /* AppDelegate.swift */; };
		A10CC1191EC94C3D00B03A40 /* ViewController.swift in Sources */ = {isa = PBXBuildFile; fileRef = A10CC1181EC94C3D00B03A40 /* ViewController.swift */; };
		A10CC11C1EC94C3D00B03A40 /* Main.storyboard in Resources */ = {isa = PBXBuildFile; fileRef = A10CC11A1EC94C3D00B03A40 /* Main.storyboard */; };
		A10CC11E1EC94C3D00B03A40 /* Assets.xcassets in Resources */ = {isa = PBXBuildFile; fileRef = A10CC11D1EC94C3D00B03A40 /* Assets.xcassets */; };
		A10CC1211EC94C3D00B03A40 /* LaunchScreen.storyboard in Resources */ = {isa = PBXBuildFile; fileRef = A10CC11F1EC94C3D00B03A40 /* LaunchScreen.storyboard */; };
		A10CC12C1EC94C3D00B03A40 /* iAdBannerTests.swift in Sources */ = {isa = PBXBuildFile; fileRef = A10CC12B1EC94C3D00B03A40 /* iAdBannerTests.swift */; };
		A10CC1371EC94C3D00B03A40 /* iAdBannerUITests.swift in Sources */ = {isa = PBXBuildFile; fileRef = A10CC1361EC94C3D00B03A40 /* iAdBannerUITests.swift */; };
/* End PBXBuildFile section */

/* Begin PBXContainerItemProxy section */
		A10CC1281EC94C3D00B03A40 /* PBXContainerItemProxy */ = {
			isa = PBXContainerItemProxy;
			containerPortal = A10CC10B1EC94C3D00B03A40 /* Project object */;
			proxyType = 1;
			remoteGlobalIDString = A10CC1121EC94C3D00B03A40;
			remoteInfo = iAdBanner;
		};
		A10CC1331EC94C3D00B03A40 /* PBXContainerItemProxy */ = {
			isa = PBXContainerItemProxy;
			containerPortal = A10CC10B1EC94C3D00B03A40 /* Project object */;
			proxyType = 1;
			remoteGlobalIDString = A10CC1121EC94C3D00B03A40;
			remoteInfo = iAdBanner;
		};
/* End PBXContainerItemProxy section */

/* Begin PBXFileReference section */
		A10CC1131EC94C3D00B03A40 /* iAdBanner.app */ = {isa = PBXFileReference; explicitFileType = wrapper.application; includeInIndex = 0; path = iAdBanner.app; sourceTree = BUILT_PRODUCTS_DIR; };
		A10CC1161EC94C3D00B03A40 /* AppDelegate.swift */ = {isa = PBXFileReference; lastKnownFileType = sourcecode.swift; path = AppDelegate.swift; sourceTree = "<group>"; };
		A10CC1181EC94C3D00B03A40 /* ViewController.swift */ = {isa = PBXFileReference; lastKnownFileType = sourcecode.swift; path = ViewController.swift; sourceTree = "<group>"; };
		A10CC11B1EC94C3D00B03A40 /* Base */ = {isa = PBXFileReference; lastKnownFileType = file.storyboard; name = Base; path = Base.lproj/Main.storyboard; sourceTree = "<group>"; };
		A10CC11D1EC94C3D00B03A40 /* Assets.xcassets */ = {isa = PBXFileReference; lastKnownFileType = folder.assetcatalog; path = Assets.xcassets; sourceTree = "<group>"; };
		A10CC1201EC94C3D00B03A40 /* Base */ = {isa = PBXFileReference; lastKnownFileType = file.storyboard; name = Base; path = Base.lproj/LaunchScreen.storyboard; sourceTree = "<group>"; };
		A10CC1221EC94C3D00B03A40 /* Info.plist */ = {isa = PBXFileReference; lastKnownFileType = text.plist.xml; path = Info.plist; sourceTree = "<group>"; };
		A10CC1271EC94C3D00B03A40 /* iAdBannerTests.xctest */ = {isa = PBXFileReference; explicitFileType = wrapper.cfbundle; includeInIndex = 0; path = iAdBannerTests.xctest; sourceTree = BUILT_PRODUCTS_DIR; };
		A10CC12B1EC94C3D00B03A40 /* iAdBannerTests.swift */ = {isa = PBXFileReference; lastKnownFileType = sourcecode.swift; path = iAdBannerTests.swift; sourceTree = "<group>"; };
		A10CC12D1EC94C3D00B03A40 /* Info.plist */ = {isa = PBXFileReference; lastKnownFileType = text.plist.xml; path = Info.plist; sourceTree = "<group>"; };
		A10CC1321EC94C3D00B03A40 /* iAdBannerUITests.xctest */ = {isa = PBXFileReference; explicitFileType = wrapper.cfbundle; includeInIndex = 0; path = iAdBannerUITests.xctest; sourceTree = BUILT_PRODUCTS_DIR; };
		A10CC1361EC94C3D00B03A40 /* iAdBannerUITests.swift */ = {isa = PBXFileReference; lastKnownFileType = sourcecode.swift; path = iAdBannerUITests.swift; sourceTree = "<group>"; };
		A10CC1381EC94C3D00B03A40 /* Info.plist */ = {isa = PBXFileReference; lastKnownFileType = text.plist.xml; path = Info.plist; sourceTree = "<group>"; };
/* End PBXFileReference section */

/* Begin PBXFrameworksBuildPhase section */
		A10CC1101EC94C3D00B03A40 /* Frameworks */ = {
			isa = PBXFrameworksBuildPhase;
			buildActionMask = 2147483647;
			files = (
			);
			runOnlyForDeploymentPostprocessing = 0;
		};
		A10CC1241EC94C3D00B03A40 /* Frameworks */ = {
			isa = PBXFrameworksBuildPhase;
			buildActionMask = 2147483647;
			files = (
			);
			runOnlyForDeploymentPostprocessing = 0;
		};
		A10CC12F1EC94C3D00B03A40 /* Frameworks */ = {
			isa = PBXFrameworksBuildPhase;
			buildActionMask = 2147483647;
			files = (
			);
			runOnlyForDeploymentPostprocessing = 0;
		};
/* End PBXFrameworksBuildPhase section */

/* Begin PBXGroup section */
		A10CC10A1EC94C3D00B03A40 = {
			isa = PBXGroup;
			children = (
				A10CC1151EC94C3D00B03A40 /* iAdBanner */,
				A10CC12A1EC94C3D00B03A40 /* iAdBannerTests */,
				A10CC1351EC94C3D00B03A40 /* iAdBannerUITests */,
				A10CC1141EC94C3D00B03A40 /* Products */,
			);
			sourceTree = "<group>";
		};
		A10CC1141EC94C3D00B03A40 /* Products */ = {
			isa = PBXGroup;
			children = (
				A10CC1131EC94C3D00B03A40 /* iAdBanner.app */,
				A10CC1271EC94C3D00B03A40 /* iAdBannerTests.xctest */,
				A10CC1321EC94C3D00B03A40 /* iAdBannerUITests.xctest */,
			);
			name = Products;
			sourceTree = "<group>";
		};
		A10CC1151EC94C3D00B03A40 /* iAdBanner */ = {
			isa = PBXGroup;
			children = (
				A10CC1161EC94C3D00B03A40 /* AppDelegate.swift */,
				A10CC1181EC94C3D00B03A40 /* ViewController.swift */,
				A10CC11A1EC94C3D00B03A40 /* Main.storyboard */,
				A10CC11D1EC94C3D00B03A40 /* Assets.xcassets */,
				A10CC11F1EC94C3D00B03A40 /* LaunchScreen.storyboard */,
				A10CC1221EC94C3D00B03A40 /* Info.plist */,
			);
			path = iAdBanner;
			sourceTree = "<group>";
		};
		A10CC12A1EC94C3D00B03A40 /* iAdBannerTests */ = {
			isa = PBXGroup;
			children = (
				A10CC12B1EC94C3D00B03A40 /* iAdBannerTests.swift */,
				A10CC12D1EC94C3D00B03A40 /* Info.plist */,
			);
			path = iAdBannerTests;
			sourceTree = "<group>";
		};
		A10CC1351EC94C3D00B03A40 /* iAdBannerUITests */ = {
			isa = PBXGroup;
			children = (
				A10CC1361EC94C3D00B03A40 /* iAdBannerUITests.swift */,
				A10CC1381EC94C3D00B03A40 /* Info.plist */,
			);
			path = iAdBannerUITests;
			sourceTree = "<group>";
		};
/* End PBXGroup section */

/* Begin PBXNativeTarget section */
		A10CC1121EC94C3D00B03A40 /* iAdBanner */ = {
			isa = PBXNativeTarget;
			buildConfigurationList = A10CC13B1EC94C3D00B03A40 /* Build configuration list for PBXNativeTarget "iAdBanner" */;
			buildPhases = (
				A10CC10F1EC94C3D00B03A40 /* Sources */,
				A10CC1101EC94C3D00B03A40 /* Frameworks */,
				A10CC1111EC94C3D00B03A40 /* Resources */,
			);
			buildRules = (
			);
			dependencies = (
			);
			name = iAdBanner;
			productName = iAdBanner;
			productReference = A10CC1131EC94C3D00B03A40 /* iAdBanner.app */;
			productType = "com.apple.product-type.application";
		};
		A10CC1261EC94C3D00B03A40 /* iAdBannerTests */ = {
			isa = PBXNativeTarget;
			buildConfigurationList = A10CC13E1EC94C3D00B03A40 /* Build configuration list for PBXNativeTarget "iAdBannerTests" */;
			buildPhases = (
				A10CC1231EC94C3D00B03A40 /* Sources */,
				A10CC1241EC94C3D00B03A40 /* Frameworks */,
				A10CC1251EC94C3D00B03A40 /* Resources */,
			);
			buildRules = (
			);
			dependencies = (
				A10CC1291EC94C3D00B03A40 /* PBXTargetDependency */,
			);
			name = iAdBannerTests;
			productName = iAdBannerTests;
			productReference = A10CC1271EC94C3D00B03A40 /* iAdBannerTests.xctest */;
			productType = "com.apple.product-type.bundle.unit-test";
		};
		A10CC1311EC94C3D00B03A40 /* iAdBannerUITests */ = {
			isa = PBXNativeTarget;
			buildConfigurationList = A10CC1411EC94C3D00B03A40 /* Build configuration list for PBXNativeTarget "iAdBannerUITests" */;
			buildPhases = (
				A10CC12E1EC94C3D00B03A40 /* Sources */,
				A10CC12F1EC94C3D00B03A40 /* Frameworks */,
				A10CC1301EC94C3D00B03A40 /* Resources */,
			);
			buildRules = (
			);
			dependencies = (
				A10CC1341EC94C3D00B03A40 /* PBXTargetDependency */,
			);
			name = iAdBannerUITests;
			productName = iAdBannerUITests;
			productReference = A10CC1321EC94C3D00B03A40 /* iAdBannerUITests.xctest */;
			productType = "com.apple.product-type.bundle.ui-testing";
		};
/* End PBXNativeTarget section */

/* Begin PBXProject section */
		A10CC10B1EC94C3D00B03A40 /* Project object */ = {
			isa = PBXProject;
			attributes = {
				LastSwiftUpdateCheck = 0830;
				LastUpgradeCheck = 0830;
				ORGANIZATIONNAME = "Andy Wong";
				TargetAttributes = {
					A10CC1121EC94C3D00B03A40 = {
						CreatedOnToolsVersion = 8.3.2;
						DevelopmentTeam = EURL27CLKV;
						ProvisioningStyle = Automatic;
					};
					A10CC1261EC94C3D00B03A40 = {
						CreatedOnToolsVersion = 8.3.2;
						DevelopmentTeam = EURL27CLKV;
						ProvisioningStyle = Automatic;
						TestTargetID = A10CC1121EC94C3D00B03A40;
					};
					A10CC1311EC94C3D00B03A40 = {
						CreatedOnToolsVersion = 8.3.2;
						DevelopmentTeam = EURL27CLKV;
						ProvisioningStyle = Automatic;
						TestTargetID = A10CC1121EC94C3D00B03A40;
					};
				};
			};
			buildConfigurationList = A10CC10E1EC94C3D00B03A40 /* Build configuration list for PBXProject "iAdBanner" */;
			compatibilityVersion = "Xcode 3.2";
			developmentRegion = English;
			hasScannedForEncodings = 0;
			knownRegions = (
				en,
				Base,
			);
			mainGroup = A10CC10A1EC94C3D00B03A40;
			productRefGroup = A10CC1141EC94C3D00B03A40 /* Products */;
			projectDirPath = "";
			projectRoot = "";
			targets = (
				A10CC1121EC94C3D00B03A40 /* iAdBanner */,
				A10CC1261EC94C3D00B03A40 /* iAdBannerTests */,
				A10CC1311EC94C3D00B03A40 /* iAdBannerUITests */,
			);
		};
/* End PBXProject section */

/* Begin PBXResourcesBuildPhase section */
		A10CC1111EC94C3D00B03A40 /* Resources */ = {
			isa = PBXResourcesBuildPhase;
			buildActionMask = 2147483647;
			files = (
				A10CC1211EC94C3D00B03A40 /* LaunchScreen.storyboard in Resources */,
				A10CC11E1EC94C3D00B03A40 /* Assets.xcassets in Resources */,
				A10CC11C1EC94C3D00B03A40 /* Main.storyboard in Resources */,
			);
			runOnlyForDeploymentPostprocessing = 0;
		};
		A10CC1251EC94C3D00B03A40 /* Resources */ = {
			isa = PBXResourcesBuildPhase;
			buildActionMask = 2147483647;
			files = (
			);
			runOnlyForDeploymentPostprocessing = 0;
		};
		A10CC1301EC94C3D00B03A40 /* Resources */ = {
			isa = PBXResourcesBuildPhase;
			buildActionMask = 2147483647;
			files = (
			);
			runOnlyForDeploymentPostprocessing = 0;
		};
/* End PBXResourcesBuildPhase section */

/* Begin PBXSourcesBuildPhase section */
		A10CC10F1EC94C3D00B03A40 /* Sources */ = {
			isa = PBXSourcesBuildPhase;
			buildActionMask = 2147483647;
			files = (
				A10CC1191EC94C3D00B03A40 /* ViewController.swift in Sources */,
				A10CC1171EC94C3D00B03A40 /* AppDelegate.swift in Sources */,
			);
			runOnlyForDeploymentPostprocessing = 0;
		};
		A10CC1231EC94C3D00B03A40 /* Sources */ = {
			isa = PBXSourcesBuildPhase;
			buildActionMask = 2147483647;
			files = (
				A10CC12C1EC94C3D00B03A40 /* iAdBannerTests.swift in Sources */,
			);
			runOnlyForDeploymentPostprocessing = 0;
		};
		A10CC12E1EC94C3D00B03A40 /* Sources */ = {
			isa = PBXSourcesBuildPhase;
			buildActionMask = 2147483647;
			files = (
				A10CC1371EC94C3D00B03A40 /* iAdBannerUITests.swift in Sources */,
			);
			runOnlyForDeploymentPostprocessing = 0;
		};
/* End PBXSourcesBuildPhase section */

/* Begin PBXTargetDependency section */
		A10CC1291EC94C3D00B03A40 /* PBXTargetDependency */ = {
			isa = PBXTargetDependency;
			target = A10CC1121EC94C3D00B03A40 /* iAdBanner */;
			targetProxy = A10CC1281EC94C3D00B03A40 /* PBXContainerItemProxy */;
		};
		A10CC1341EC94C3D00B03A40 /* PBXTargetDependency */ = {
			isa = PBXTargetDependency;
			target = A10CC1121EC94C3D00B03A40 /* iAdBanner */;
			targetProxy = A10CC1331EC94C3D00B03A40 /* PBXContainerItemProxy */;
		};
/* End PBXTargetDependency section */

/* Begin PBXVariantGroup section */
		A10CC11A1EC94C3D00B03A40 /* Main.storyboard */ = {
			isa = PBXVariantGroup;
			children = (
				A10CC11B1EC94C3D00B03A40 /* Base */,
			);
			name = Main.storyboard;
			sourceTree = "<group>";
		};
		A10CC11F1EC94C3D00B03A40 /* LaunchScreen.storyboard */ = {
			isa = PBXVariantGroup;
			children = (
				A10CC1201EC94C3D00B03A40 /* Base */,
			);
			name = LaunchScreen.storyboard;
			sourceTree = "<group>";
		};
/* End PBXVariantGroup section */

/* Begin XCBuildConfiguration section */
		A10CC1391EC94C3D00B03A40 /* Debug */ = {
			isa = XCBuildConfiguration;
			buildSettings = {
				ALWAYS_SEARCH_USER_PATHS = NO;
				CLANG_ANALYZER_NONNULL = YES;
				CLANG_ANALYZER_NUMBER_OBJECT_CONVERSION = YES_AGGRESSIVE;
				CLANG_CXX_LANGUAGE_STANDARD = "gnu++0x";
				CLANG_CXX_LIBRARY = "libc++";
				CLANG_ENABLE_MODULES = YES;
				CLANG_ENABLE_OBJC_ARC = YES;
				CLANG_WARN_BOOL_CONVERSION = YES;
				CLANG_WARN_CONSTANT_CONVERSION = YES;
				CLANG_WARN_DIRECT_OBJC_ISA_USAGE = YES_ERROR;
				CLANG_WARN_DOCUMENTATION_COMMENTS = YES;
				CLANG_WARN_EMPTY_BODY = YES;
				CLANG_WARN_ENUM_CONVERSION = YES;
				CLANG_WARN_INFINITE_RECURSION = YES;
				CLANG_WARN_INT_CONVERSION = YES;
				CLANG_WARN_OBJC_ROOT_CLASS = YES_ERROR;
				CLANG_WARN_SUSPICIOUS_MOVE = YES;
				CLANG_WARN_UNREACHABLE_CODE = YES;
				CLANG_WARN__DUPLICATE_METHOD_MATCH = YES;
				"CODE_SIGN_IDENTITY[sdk=iphoneos*]" = "iPhone Developer";
				COPY_PHASE_STRIP = NO;
				DEBUG_INFORMATION_FORMAT = dwarf;
				ENABLE_STRICT_OBJC_MSGSEND = YES;
				ENABLE_TESTABILITY = YES;
				GCC_C_LANGUAGE_STANDARD = gnu99;
				GCC_DYNAMIC_NO_PIC = NO;
				GCC_NO_COMMON_BLOCKS = YES;
				GCC_OPTIMIZATION_LEVEL = 0;
				GCC_PREPROCESSOR_DEFINITIONS = (
					"DEBUG=1",
					"$(inherited)",
				);
				GCC_WARN_64_TO_32_BIT_CONVERSION = YES;
				GCC_WARN_ABOUT_RETURN_TYPE = YES_ERROR;
				GCC_WARN_UNDECLARED_SELECTOR = YES;
				GCC_WARN_UNINITIALIZED_AUTOS = YES_AGGRESSIVE;
				GCC_WARN_UNUSED_FUNCTION = YES;
				GCC_WARN_UNUSED_VARIABLE = YES;
				IPHONEOS_DEPLOYMENT_TARGET = 10.3;
				MTL_ENABLE_DEBUG_INFO = YES;
				ONLY_ACTIVE_ARCH = YES;
				SDKROOT = iphoneos;
				SWIFT_ACTIVE_COMPILATION_CONDITIONS = DEBUG;
				SWIFT_OPTIMIZATION_LEVEL = "-Onone";
				TARGETED_DEVICE_FAMILY = "1,2";
			};
			name = Debug;
		};
		A10CC13A1EC94C3D00B03A40 /* Release */ = {
			isa = XCBuildConfiguration;
			buildSettings = {
				ALWAYS_SEARCH_USER_PATHS = NO;
				CLANG_ANALYZER_NONNULL = YES;
				CLANG_ANALYZER_NUMBER_OBJECT_CONVERSION = YES_AGGRESSIVE;
				CLANG_CXX_LANGUAGE_STANDARD = "gnu++0x";
				CLANG_CXX_LIBRARY = "libc++";
				CLANG_ENABLE_MODULES = YES;
				CLANG_ENABLE_OBJC_ARC = YES;
				CLANG_WARN_BOOL_CONVERSION = YES;
				CLANG_WARN_CONSTANT_CONVERSION = YES;
				CLANG_WARN_DIRECT_OBJC_ISA_USAGE = YES_ERROR;
				CLANG_WARN_DOCUMENTATION_COMMENTS = YES;
				CLANG_WARN_EMPTY_BODY = YES;
				CLANG_WARN_ENUM_CONVERSION = YES;
				CLANG_WARN_INFINITE_RECURSION = YES;
				CLANG_WARN_INT_CONVERSION = YES;
				CLANG_WARN_OBJC_ROOT_CLASS = YES_ERROR;
				CLANG_WARN_SUSPICIOUS_MOVE = YES;
				CLANG_WARN_UNREACHABLE_CODE = YES;
				CLANG_WARN__DUPLICATE_METHOD_MATCH = YES;
				"CODE_SIGN_IDENTITY[sdk=iphoneos*]" = "iPhone Developer";
				COPY_PHASE_STRIP = NO;
				DEBUG_INFORMATION_FORMAT = "dwarf-with-dsym";
				ENABLE_NS_ASSERTIONS = NO;
				ENABLE_STRICT_OBJC_MSGSEND = YES;
				GCC_C_LANGUAGE_STANDARD = gnu99;
				GCC_NO_COMMON_BLOCKS = YES;
				GCC_WARN_64_TO_32_BIT_CONVERSION = YES;
				GCC_WARN_ABOUT_RETURN_TYPE = YES_ERROR;
				GCC_WARN_UNDECLARED_SELECTOR = YES;
				GCC_WARN_UNINITIALIZED_AUTOS = YES_AGGRESSIVE;
				GCC_WARN_UNUSED_FUNCTION = YES;
				GCC_WARN_UNUSED_VARIABLE = YES;
				IPHONEOS_DEPLOYMENT_TARGET = 10.3;
				MTL_ENABLE_DEBUG_INFO = NO;
				SDKROOT = iphoneos;
				SWIFT_OPTIMIZATION_LEVEL = "-Owholemodule";
				TARGETED_DEVICE_FAMILY = "1,2";
				VALIDATE_PRODUCT = YES;
			};
			name = Release;
		};
		A10CC13C1EC94C3D00B03A40 /* Debug */ = {
			isa = XCBuildConfiguration;
			buildSettings = {
				ASSETCATALOG_COMPILER_APPICON_NAME = AppIcon;
				DEVELOPMENT_TEAM = EURL27CLKV;
				INFOPLIST_FILE = iAdBanner/Info.plist;
				LD_RUNPATH_SEARCH_PATHS = "$(inherited) @executable_path/Frameworks";
				PRODUCT_BUNDLE_IDENTIFIER = com.andywong.iAdBanner;
				PRODUCT_NAME = "$(TARGET_NAME)";
				SWIFT_VERSION = 3.0;
			};
			name = Debug;
		};
		A10CC13D1EC94C3D00B03A40 /* Release */ = {
			isa = XCBuildConfiguration;
			buildSettings = {
				ASSETCATALOG_COMPILER_APPICON_NAME = AppIcon;
				DEVELOPMENT_TEAM = EURL27CLKV;
				INFOPLIST_FILE = iAdBanner/Info.plist;
				LD_RUNPATH_SEARCH_PATHS = "$(inherited) @executable_path/Frameworks";
				PRODUCT_BUNDLE_IDENTIFIER = com.andywong.iAdBanner;
				PRODUCT_NAME = "$(TARGET_NAME)";
				SWIFT_VERSION = 3.0;
			};
			name = Release;
		};
		A10CC13F1EC94C3D00B03A40 /* Debug */ = {
			isa = XCBuildConfiguration;
			buildSettings = {
				ALWAYS_EMBED_SWIFT_STANDARD_LIBRARIES = YES;
				BUNDLE_LOADER = "$(TEST_HOST)";
				DEVELOPMENT_TEAM = EURL27CLKV;
				INFOPLIST_FILE = iAdBannerTests/Info.plist;
				LD_RUNPATH_SEARCH_PATHS = "$(inherited) @executable_path/Frameworks @loader_path/Frameworks";
				PRODUCT_BUNDLE_IDENTIFIER = com.andywong.iAdBannerTests;
				PRODUCT_NAME = "$(TARGET_NAME)";
				SWIFT_VERSION = 3.0;
				TEST_HOST = "$(BUILT_PRODUCTS_DIR)/iAdBanner.app/iAdBanner";
			};
			name = Debug;
		};
		A10CC1401EC94C3D00B03A40 /* Release */ = {
			isa = XCBuildConfiguration;
			buildSettings = {
				ALWAYS_EMBED_SWIFT_STANDARD_LIBRARIES = YES;
				BUNDLE_LOADER = "$(TEST_HOST)";
				DEVELOPMENT_TEAM = EURL27CLKV;
				INFOPLIST_FILE = iAdBannerTests/Info.plist;
				LD_RUNPATH_SEARCH_PATHS = "$(inherited) @executable_path/Frameworks @loader_path/Frameworks";
				PRODUCT_BUNDLE_IDENTIFIER = com.andywong.iAdBannerTests;
				PRODUCT_NAME = "$(TARGET_NAME)";
				SWIFT_VERSION = 3.0;
				TEST_HOST = "$(BUILT_PRODUCTS_DIR)/iAdBanner.app/iAdBanner";
			};
			name = Release;
		};
		A10CC1421EC94C3D00B03A40 /* Debug */ = {
			isa = XCBuildConfiguration;
			buildSettings = {
				ALWAYS_EMBED_SWIFT_STANDARD_LIBRARIES = YES;
				DEVELOPMENT_TEAM = EURL27CLKV;
				INFOPLIST_FILE = iAdBannerUITests/Info.plist;
				LD_RUNPATH_SEARCH_PATHS = "$(inherited) @executable_path/Frameworks @loader_path/Frameworks";
				PRODUCT_BUNDLE_IDENTIFIER = com.andywong.iAdBannerUITests;
				PRODUCT_NAME = "$(TARGET_NAME)";
				SWIFT_VERSION = 3.0;
				TEST_TARGET_NAME = iAdBanner;
			};
			name = Debug;
		};
		A10CC1431EC94C3D00B03A40 /* Release */ = {
			isa = XCBuildConfiguration;
			buildSettings = {
				ALWAYS_EMBED_SWIFT_STANDARD_LIBRARIES = YES;
				DEVELOPMENT_TEAM = EURL27CLKV;
				INFOPLIST_FILE = iAdBannerUITests/Info.plist;
				LD_RUNPATH_SEARCH_PATHS = "$(inherited) @executable_path/Frameworks @loader_path/Frameworks";
				PRODUCT_BUNDLE_IDENTIFIER = com.andywong.iAdBannerUITests;
				PRODUCT_NAME = "$(TARGET_NAME)";
				SWIFT_VERSION = 3.0;
				TEST_TARGET_NAME = iAdBanner;
			};
			name = Release;
		};
/* End XCBuildConfiguration section */

/* Begin XCConfigurationList section */
		A10CC10E1EC94C3D00B03A40 /* Build configuration list for PBXProject "iAdBanner" */ = {
			isa = XCConfigurationList;
			buildConfigurations = (
				A10CC1391EC94C3D00B03A40 /* Debug */,
				A10CC13A1EC94C3D00B03A40 /* Release */,
			);
			defaultConfigurationIsVisible = 0;
			defaultConfigurationName = Release;
		};
		A10CC13B1EC94C3D00B03A40 /* Build configuration list for PBXNativeTarget "iAdBanner" */ = {
			isa = XCConfigurationList;
			buildConfigurations = (
				A10CC13C1EC94C3D00B03A40 /* Debug */,
				A10CC13D1EC94C3D00B03A40 /* Release */,
			);
			defaultConfigurationIsVisible = 0;
		};
		A10CC13E1EC94C3D00B03A40 /* Build configuration list for PBXNativeTarget "iAdBannerTests" */ = {
			isa = XCConfigurationList;
			buildConfigurations = (
				A10CC13F1EC94C3D00B03A40 /* Debug */,
				A10CC1401EC94C3D00B03A40 /* Release */,
			);
			defaultConfigurationIsVisible = 0;
		};
		A10CC1411EC94C3D00B03A40 /* Build configuration list for PBXNativeTarget "iAdBannerUITests" */ = {
			isa = XCConfigurationList;
			buildConfigurations = (
				A10CC1421EC94C3D00B03A40 /* Debug */,
				A10CC1431EC94C3D00B03A40 /* Release */,
			);
			defaultConfigurationIsVisible = 0;
		};
/* End XCConfigurationList section */
	};
	rootObject = A10CC10B1EC94C3D00B03A40 /* Project object */;
}
