// !$*UTF8*$!
{
	archiveVersion = 1;
	classes = {
	};
	objectVersion = 46;
	objects = {

/* Begin PBXBuildFile section */
		A1E5019F1EC736DE001342AB /* AppDelegate.swift in Sources */ = {isa = PBXBuildFile; fileRef = A1E5019E1EC736DE001342AB /* AppDelegate.swift */; };
		A1E501A11EC736DE001342AB /* ViewController.swift in Sources */ = {isa = PBXBuildFile; fileRef = A1E501A01EC736DE001342AB /* ViewController.swift */; };
		A1E501A41EC736DE001342AB /* Main.storyboard in Resources */ = {isa = PBXBuildFile; fileRef = A1E501A21EC736DE001342AB /* Main.storyboard */; };
		A1E501A61EC736DE001342AB /* Assets.xcassets in Resources */ = {isa = PBXBuildFile; fileRef = A1E501A51EC736DE001342AB /* Assets.xcassets */; };
		A1E501A91EC736DE001342AB /* LaunchScreen.storyboard in Resources */ = {isa = PBXBuildFile; fileRef = A1E501A71EC736DE001342AB /* LaunchScreen.storyboard */; };
		A1E501B41EC736DE001342AB /* TapCounterTests.swift in Sources */ = {isa = PBXBuildFile; fileRef = A1E501B31EC736DE001342AB /* TapCounterTests.swift */; };
		A1E501BF1EC736DE001342AB /* TapCounterUITests.swift in Sources */ = {isa = PBXBuildFile; fileRef = A1E501BE1EC736DE001342AB /* TapCounterUITests.swift */; };
/* End PBXBuildFile section */

/* Begin PBXContainerItemProxy section */
		A1E501B01EC736DE001342AB /* PBXContainerItemProxy */ = {
			isa = PBXContainerItemProxy;
			containerPortal = A1E501931EC736DE001342AB /* Project object */;
			proxyType = 1;
			remoteGlobalIDString = A1E5019A1EC736DE001342AB;
			remoteInfo = TapCounter;
		};
		A1E501BB1EC736DE001342AB /* PBXContainerItemProxy */ = {
			isa = PBXContainerItemProxy;
			containerPortal = A1E501931EC736DE001342AB /* Project object */;
			proxyType = 1;
			remoteGlobalIDString = A1E5019A1EC736DE001342AB;
			remoteInfo = TapCounter;
		};
/* End PBXContainerItemProxy section */

/* Begin PBXFileReference section */
		A1E5019B1EC736DE001342AB /* TapCounter.app */ = {isa = PBXFileReference; explicitFileType = wrapper.application; includeInIndex = 0; path = TapCounter.app; sourceTree = BUILT_PRODUCTS_DIR; };
		A1E5019E1EC736DE001342AB /* AppDelegate.swift */ = {isa = PBXFileReference; lastKnownFileType = sourcecode.swift; path = AppDelegate.swift; sourceTree = "<group>"; };
		A1E501A01EC736DE001342AB /* ViewController.swift */ = {isa = PBXFileReference; lastKnownFileType = sourcecode.swift; path = ViewController.swift; sourceTree = "<group>"; };
		A1E501A31EC736DE001342AB /* Base */ = {isa = PBXFileReference; lastKnownFileType = file.storyboard; name = Base; path = Base.lproj/Main.storyboard; sourceTree = "<group>"; };
		A1E501A51EC736DE001342AB /* Assets.xcassets */ = {isa = PBXFileReference; lastKnownFileType = folder.assetcatalog; path = Assets.xcassets; sourceTree = "<group>"; };
		A1E501A81EC736DE001342AB /* Base */ = {isa = PBXFileReference; lastKnownFileType = file.storyboard; name = Base; path = Base.lproj/LaunchScreen.storyboard; sourceTree = "<group>"; };
		A1E501AA1EC736DE001342AB /* Info.plist */ = {isa = PBXFileReference; lastKnownFileType = text.plist.xml; path = Info.plist; sourceTree = "<group>"; };
		A1E501AF1EC736DE001342AB /* TapCounterTests.xctest */ = {isa = PBXFileReference; explicitFileType = wrapper.cfbundle; includeInIndex = 0; path = TapCounterTests.xctest; sourceTree = BUILT_PRODUCTS_DIR; };
		A1E501B31EC736DE001342AB /* TapCounterTests.swift */ = {isa = PBXFileReference; lastKnownFileType = sourcecode.swift; path = TapCounterTests.swift; sourceTree = "<group>"; };
		A1E501B51EC736DE001342AB /* Info.plist */ = {isa = PBXFileReference; lastKnownFileType = text.plist.xml; path = Info.plist; sourceTree = "<group>"; };
		A1E501BA1EC736DE001342AB /* TapCounterUITests.xctest */ = {isa = PBXFileReference; explicitFileType = wrapper.cfbundle; includeInIndex = 0; path = TapCounterUITests.xctest; sourceTree = BUILT_PRODUCTS_DIR; };
		A1E501BE1EC736DE001342AB /* TapCounterUITests.swift */ = {isa = PBXFileReference; lastKnownFileType = sourcecode.swift; path = TapCounterUITests.swift; sourceTree = "<group>"; };
		A1E501C01EC736DE001342AB /* Info.plist */ = {isa = PBXFileReference; lastKnownFileType = text.plist.xml; path = Info.plist; sourceTree = "<group>"; };
/* End PBXFileReference section */

/* Begin PBXFrameworksBuildPhase section */
		A1E501981EC736DE001342AB /* Frameworks */ = {
			isa = PBXFrameworksBuildPhase;
			buildActionMask = 2147483647;
			files = (
			);
			runOnlyForDeploymentPostprocessing = 0;
		};
		A1E501AC1EC736DE001342AB /* Frameworks */ = {
			isa = PBXFrameworksBuildPhase;
			buildActionMask = 2147483647;
			files = (
			);
			runOnlyForDeploymentPostprocessing = 0;
		};
		A1E501B71EC736DE001342AB /* Frameworks */ = {
			isa = PBXFrameworksBuildPhase;
			buildActionMask = 2147483647;
			files = (
			);
			runOnlyForDeploymentPostprocessing = 0;
		};
/* End PBXFrameworksBuildPhase section */

/* Begin PBXGroup section */
		A1E501921EC736DD001342AB = {
			isa = PBXGroup;
			children = (
				A1E5019D1EC736DE001342AB /* TapCounter */,
				A1E501B21EC736DE001342AB /* TapCounterTests */,
				A1E501BD1EC736DE001342AB /* TapCounterUITests */,
				A1E5019C1EC736DE001342AB /* Products */,
			);
			sourceTree = "<group>";
		};
		A1E5019C1EC736DE001342AB /* Products */ = {
			isa = PBXGroup;
			children = (
				A1E5019B1EC736DE001342AB /* TapCounter.app */,
				A1E501AF1EC736DE001342AB /* TapCounterTests.xctest */,
				A1E501BA1EC736DE001342AB /* TapCounterUITests.xctest */,
			);
			name = Products;
			sourceTree = "<group>";
		};
		A1E5019D1EC736DE001342AB /* TapCounter */ = {
			isa = PBXGroup;
			children = (
				A1E5019E1EC736DE001342AB /* AppDelegate.swift */,
				A1E501A01EC736DE001342AB /* ViewController.swift */,
				A1E501A21EC736DE001342AB /* Main.storyboard */,
				A1E501A51EC736DE001342AB /* Assets.xcassets */,
				A1E501A71EC736DE001342AB /* LaunchScreen.storyboard */,
				A1E501AA1EC736DE001342AB /* Info.plist */,
			);
			path = TapCounter;
			sourceTree = "<group>";
		};
		A1E501B21EC736DE001342AB /* TapCounterTests */ = {
			isa = PBXGroup;
			children = (
				A1E501B31EC736DE001342AB /* TapCounterTests.swift */,
				A1E501B51EC736DE001342AB /* Info.plist */,
			);
			path = TapCounterTests;
			sourceTree = "<group>";
		};
		A1E501BD1EC736DE001342AB /* TapCounterUITests */ = {
			isa = PBXGroup;
			children = (
				A1E501BE1EC736DE001342AB /* TapCounterUITests.swift */,
				A1E501C01EC736DE001342AB /* Info.plist */,
			);
			path = TapCounterUITests;
			sourceTree = "<group>";
		};
/* End PBXGroup section */

/* Begin PBXNativeTarget section */
		A1E5019A1EC736DE001342AB /* TapCounter */ = {
			isa = PBXNativeTarget;
			buildConfigurationList = A1E501C31EC736DE001342AB /* Build configuration list for PBXNativeTarget "TapCounter" */;
			buildPhases = (
				A1E501971EC736DE001342AB /* Sources */,
				A1E501981EC736DE001342AB /* Frameworks */,
				A1E501991EC736DE001342AB /* Resources */,
			);
			buildRules = (
			);
			dependencies = (
			);
			name = TapCounter;
			productName = TapCounter;
			productReference = A1E5019B1EC736DE001342AB /* TapCounter.app */;
			productType = "com.apple.product-type.application";
		};
		A1E501AE1EC736DE001342AB /* TapCounterTests */ = {
			isa = PBXNativeTarget;
			buildConfigurationList = A1E501C61EC736DE001342AB /* Build configuration list for PBXNativeTarget "TapCounterTests" */;
			buildPhases = (
				A1E501AB1EC736DE001342AB /* Sources */,
				A1E501AC1EC736DE001342AB /* Frameworks */,
				A1E501AD1EC736DE001342AB /* Resources */,
			);
			buildRules = (
			);
			dependencies = (
				A1E501B11EC736DE001342AB /* PBXTargetDependency */,
			);
			name = TapCounterTests;
			productName = TapCounterTests;
			productReference = A1E501AF1EC736DE001342AB /* TapCounterTests.xctest */;
			productType = "com.apple.product-type.bundle.unit-test";
		};
		A1E501B91EC736DE001342AB /* TapCounterUITests */ = {
			isa = PBXNativeTarget;
			buildConfigurationList = A1E501C91EC736DE001342AB /* Build configuration list for PBXNativeTarget "TapCounterUITests" */;
			buildPhases = (
				A1E501B61EC736DE001342AB /* Sources */,
				A1E501B71EC736DE001342AB /* Frameworks */,
				A1E501B81EC736DE001342AB /* Resources */,
			);
			buildRules = (
			);
			dependencies = (
				A1E501BC1EC736DE001342AB /* PBXTargetDependency */,
			);
			name = TapCounterUITests;
			productName = TapCounterUITests;
			productReference = A1E501BA1EC736DE001342AB /* TapCounterUITests.xctest */;
			productType = "com.apple.product-type.bundle.ui-testing";
		};
/* End PBXNativeTarget section */

/* Begin PBXProject section */
		A1E501931EC736DE001342AB /* Project object */ = {
			isa = PBXProject;
			attributes = {
				LastSwiftUpdateCheck = 0830;
				LastUpgradeCheck = 0830;
				ORGANIZATIONNAME = "Andy Wong";
				TargetAttributes = {
					A1E5019A1EC736DE001342AB = {
						CreatedOnToolsVersion = 8.3.2;
						DevelopmentTeam = EURL27CLKV;
						ProvisioningStyle = Automatic;
					};
					A1E501AE1EC736DE001342AB = {
						CreatedOnToolsVersion = 8.3.2;
						DevelopmentTeam = EURL27CLKV;
						ProvisioningStyle = Automatic;
						TestTargetID = A1E5019A1EC736DE001342AB;
					};
					A1E501B91EC736DE001342AB = {
						CreatedOnToolsVersion = 8.3.2;
						DevelopmentTeam = EURL27CLKV;
						ProvisioningStyle = Automatic;
						TestTargetID = A1E5019A1EC736DE001342AB;
					};
				};
			};
			buildConfigurationList = A1E501961EC736DE001342AB /* Build configuration list for PBXProject "TapCounter" */;
			compatibilityVersion = "Xcode 3.2";
			developmentRegion = English;
			hasScannedForEncodings = 0;
			knownRegions = (
				en,
				Base,
			);
			mainGroup = A1E501921EC736DD001342AB;
			productRefGroup = A1E5019C1EC736DE001342AB /* Products */;
			projectDirPath = "";
			projectRoot = "";
			targets = (
				A1E5019A1EC736DE001342AB /* TapCounter */,
				A1E501AE1EC736DE001342AB /* TapCounterTests */,
				A1E501B91EC736DE001342AB /* TapCounterUITests */,
			);
		};
/* End PBXProject section */

/* Begin PBXResourcesBuildPhase section */
		A1E501991EC736DE001342AB /* Resources */ = {
			isa = PBXResourcesBuildPhase;
			buildActionMask = 2147483647;
			files = (
				A1E501A91EC736DE001342AB /* LaunchScreen.storyboard in Resources */,
				A1E501A61EC736DE001342AB /* Assets.xcassets in Resources */,
				A1E501A41EC736DE001342AB /* Main.storyboard in Resources */,
			);
			runOnlyForDeploymentPostprocessing = 0;
		};
		A1E501AD1EC736DE001342AB /* Resources */ = {
			isa = PBXResourcesBuildPhase;
			buildActionMask = 2147483647;
			files = (
			);
			runOnlyForDeploymentPostprocessing = 0;
		};
		A1E501B81EC736DE001342AB /* Resources */ = {
			isa = PBXResourcesBuildPhase;
			buildActionMask = 2147483647;
			files = (
			);
			runOnlyForDeploymentPostprocessing = 0;
		};
/* End PBXResourcesBuildPhase section */

/* Begin PBXSourcesBuildPhase section */
		A1E501971EC736DE001342AB /* Sources */ = {
			isa = PBXSourcesBuildPhase;
			buildActionMask = 2147483647;
			files = (
				A1E501A11EC736DE001342AB /* ViewController.swift in Sources */,
				A1E5019F1EC736DE001342AB /* AppDelegate.swift in Sources */,
			);
			runOnlyForDeploymentPostprocessing = 0;
		};
		A1E501AB1EC736DE001342AB /* Sources */ = {
			isa = PBXSourcesBuildPhase;
			buildActionMask = 2147483647;
			files = (
				A1E501B41EC736DE001342AB /* TapCounterTests.swift in Sources */,
			);
			runOnlyForDeploymentPostprocessing = 0;
		};
		A1E501B61EC736DE001342AB /* Sources */ = {
			isa = PBXSourcesBuildPhase;
			buildActionMask = 2147483647;
			files = (
				A1E501BF1EC736DE001342AB /* TapCounterUITests.swift in Sources */,
			);
			runOnlyForDeploymentPostprocessing = 0;
		};
/* End PBXSourcesBuildPhase section */

/* Begin PBXTargetDependency section */
		A1E501B11EC736DE001342AB /* PBXTargetDependency */ = {
			isa = PBXTargetDependency;
			target = A1E5019A1EC736DE001342AB /* TapCounter */;
			targetProxy = A1E501B01EC736DE001342AB /* PBXContainerItemProxy */;
		};
		A1E501BC1EC736DE001342AB /* PBXTargetDependency */ = {
			isa = PBXTargetDependency;
			target = A1E5019A1EC736DE001342AB /* TapCounter */;
			targetProxy = A1E501BB1EC736DE001342AB /* PBXContainerItemProxy */;
		};
/* End PBXTargetDependency section */

/* Begin PBXVariantGroup section */
		A1E501A21EC736DE001342AB /* Main.storyboard */ = {
			isa = PBXVariantGroup;
			children = (
				A1E501A31EC736DE001342AB /* Base */,
			);
			name = Main.storyboard;
			sourceTree = "<group>";
		};
		A1E501A71EC736DE001342AB /* LaunchScreen.storyboard */ = {
			isa = PBXVariantGroup;
			children = (
				A1E501A81EC736DE001342AB /* Base */,
			);
			name = LaunchScreen.storyboard;
			sourceTree = "<group>";
		};
/* End PBXVariantGroup section */

/* Begin XCBuildConfiguration section */
		A1E501C11EC736DE001342AB /* Debug */ = {
			isa = XCBuildConfiguration;
			buildSettings = {
				ALWAYS_SEARCH_USER_PATHS = NO;
				CLANG_ANALYZER_NONNULL = YES;
				CLANG_ANALYZER_NUMBER_OBJECT_CONVERSION = YES_AGGRESSIVE;
				CLANG_CXX_LANGUAGE_STANDARD = "gnu++0x";
				CLANG_CXX_LIBRARY = "libc++";
				CLANG_ENABLE_MODULES = YES;
				CLANG_ENABLE_OBJC_ARC = YES;
				CLANG_WARN_BOOL_CONVERSION = YES;
				CLANG_WARN_CONSTANT_CONVERSION = YES;
				CLANG_WARN_DIRECT_OBJC_ISA_USAGE = YES_ERROR;
				CLANG_WARN_DOCUMENTATION_COMMENTS = YES;
				CLANG_WARN_EMPTY_BODY = YES;
				CLANG_WARN_ENUM_CONVERSION = YES;
				CLANG_WARN_INFINITE_RECURSION = YES;
				CLANG_WARN_INT_CONVERSION = YES;
				CLANG_WARN_OBJC_ROOT_CLASS = YES_ERROR;
				CLANG_WARN_SUSPICIOUS_MOVE = YES;
				CLANG_WARN_UNREACHABLE_CODE = YES;
				CLANG_WARN__DUPLICATE_METHOD_MATCH = YES;
				"CODE_SIGN_IDENTITY[sdk=iphoneos*]" = "iPhone Developer";
				COPY_PHASE_STRIP = NO;
				DEBUG_INFORMATION_FORMAT = dwarf;
				ENABLE_STRICT_OBJC_MSGSEND = YES;
				ENABLE_TESTABILITY = YES;
				GCC_C_LANGUAGE_STANDARD = gnu99;
				GCC_DYNAMIC_NO_PIC = NO;
				GCC_NO_COMMON_BLOCKS = YES;
				GCC_OPTIMIZATION_LEVEL = 0;
				GCC_PREPROCESSOR_DEFINITIONS = (
					"DEBUG=1",
					"$(inherited)",
				);
				GCC_WARN_64_TO_32_BIT_CONVERSION = YES;
				GCC_WARN_ABOUT_RETURN_TYPE = YES_ERROR;
				GCC_WARN_UNDECLARED_SELECTOR = YES;
				GCC_WARN_UNINITIALIZED_AUTOS = YES_AGGRESSIVE;
				GCC_WARN_UNUSED_FUNCTION = YES;
				GCC_WARN_UNUSED_VARIABLE = YES;
				IPHONEOS_DEPLOYMENT_TARGET = 10.3;
				MTL_ENABLE_DEBUG_INFO = YES;
				ONLY_ACTIVE_ARCH = YES;
				SDKROOT = iphoneos;
				SWIFT_ACTIVE_COMPILATION_CONDITIONS = DEBUG;
				SWIFT_OPTIMIZATION_LEVEL = "-Onone";
				TARGETED_DEVICE_FAMILY = "1,2";
			};
			name = Debug;
		};
		A1E501C21EC736DE001342AB /* Release */ = {
			isa = XCBuildConfiguration;
			buildSettings = {
				ALWAYS_SEARCH_USER_PATHS = NO;
				CLANG_ANALYZER_NONNULL = YES;
				CLANG_ANALYZER_NUMBER_OBJECT_CONVERSION = YES_AGGRESSIVE;
				CLANG_CXX_LANGUAGE_STANDARD = "gnu++0x";
				CLANG_CXX_LIBRARY = "libc++";
				CLANG_ENABLE_MODULES = YES;
				CLANG_ENABLE_OBJC_ARC = YES;
				CLANG_WARN_BOOL_CONVERSION = YES;
				CLANG_WARN_CONSTANT_CONVERSION = YES;
				CLANG_WARN_DIRECT_OBJC_ISA_USAGE = YES_ERROR;
				CLANG_WARN_DOCUMENTATION_COMMENTS = YES;
				CLANG_WARN_EMPTY_BODY = YES;
				CLANG_WARN_ENUM_CONVERSION = YES;
				CLANG_WARN_INFINITE_RECURSION = YES;
				CLANG_WARN_INT_CONVERSION = YES;
				CLANG_WARN_OBJC_ROOT_CLASS = YES_ERROR;
				CLANG_WARN_SUSPICIOUS_MOVE = YES;
				CLANG_WARN_UNREACHABLE_CODE = YES;
				CLANG_WARN__DUPLICATE_METHOD_MATCH = YES;
				"CODE_SIGN_IDENTITY[sdk=iphoneos*]" = "iPhone Developer";
				COPY_PHASE_STRIP = NO;
				DEBUG_INFORMATION_FORMAT = "dwarf-with-dsym";
				ENABLE_NS_ASSERTIONS = NO;
				ENABLE_STRICT_OBJC_MSGSEND = YES;
				GCC_C_LANGUAGE_STANDARD = gnu99;
				GCC_NO_COMMON_BLOCKS = YES;
				GCC_WARN_64_TO_32_BIT_CONVERSION = YES;
				GCC_WARN_ABOUT_RETURN_TYPE = YES_ERROR;
				GCC_WARN_UNDECLARED_SELECTOR = YES;
				GCC_WARN_UNINITIALIZED_AUTOS = YES_AGGRESSIVE;
				GCC_WARN_UNUSED_FUNCTION = YES;
				GCC_WARN_UNUSED_VARIABLE = YES;
				IPHONEOS_DEPLOYMENT_TARGET = 10.3;
				MTL_ENABLE_DEBUG_INFO = NO;
				SDKROOT = iphoneos;
				SWIFT_OPTIMIZATION_LEVEL = "-Owholemodule";
				TARGETED_DEVICE_FAMILY = "1,2";
				VALIDATE_PRODUCT = YES;
			};
			name = Release;
		};
		A1E501C41EC736DE001342AB /* Debug */ = {
			isa = XCBuildConfiguration;
			buildSettings = {
				ASSETCATALOG_COMPILER_APPICON_NAME = AppIcon;
				DEVELOPMENT_TEAM = EURL27CLKV;
				INFOPLIST_FILE = TapCounter/Info.plist;
				LD_RUNPATH_SEARCH_PATHS = "$(inherited) @executable_path/Frameworks";
				PRODUCT_BUNDLE_IDENTIFIER = com.andywong.TapCounter;
				PRODUCT_NAME = "$(TARGET_NAME)";
				SWIFT_VERSION = 3.0;
			};
			name = Debug;
		};
		A1E501C51EC736DE001342AB /* Release */ = {
			isa = XCBuildConfiguration;
			buildSettings = {
				ASSETCATALOG_COMPILER_APPICON_NAME = AppIcon;
				DEVELOPMENT_TEAM = EURL27CLKV;
				INFOPLIST_FILE = TapCounter/Info.plist;
				LD_RUNPATH_SEARCH_PATHS = "$(inherited) @executable_path/Frameworks";
				PRODUCT_BUNDLE_IDENTIFIER = com.andywong.TapCounter;
				PRODUCT_NAME = "$(TARGET_NAME)";
				SWIFT_VERSION = 3.0;
			};
			name = Release;
		};
		A1E501C71EC736DE001342AB /* Debug */ = {
			isa = XCBuildConfiguration;
			buildSettings = {
				ALWAYS_EMBED_SWIFT_STANDARD_LIBRARIES = YES;
				BUNDLE_LOADER = "$(TEST_HOST)";
				DEVELOPMENT_TEAM = EURL27CLKV;
				INFOPLIST_FILE = TapCounterTests/Info.plist;
				LD_RUNPATH_SEARCH_PATHS = "$(inherited) @executable_path/Frameworks @loader_path/Frameworks";
				PRODUCT_BUNDLE_IDENTIFIER = com.andywong.TapCounterTests;
				PRODUCT_NAME = "$(TARGET_NAME)";
				SWIFT_VERSION = 3.0;
				TEST_HOST = "$(BUILT_PRODUCTS_DIR)/TapCounter.app/TapCounter";
			};
			name = Debug;
		};
		A1E501C81EC736DE001342AB /* Release */ = {
			isa = XCBuildConfiguration;
			buildSettings = {
				ALWAYS_EMBED_SWIFT_STANDARD_LIBRARIES = YES;
				BUNDLE_LOADER = "$(TEST_HOST)";
				DEVELOPMENT_TEAM = EURL27CLKV;
				INFOPLIST_FILE = TapCounterTests/Info.plist;
				LD_RUNPATH_SEARCH_PATHS = "$(inherited) @executable_path/Frameworks @loader_path/Frameworks";
				PRODUCT_BUNDLE_IDENTIFIER = com.andywong.TapCounterTests;
				PRODUCT_NAME = "$(TARGET_NAME)";
				SWIFT_VERSION = 3.0;
				TEST_HOST = "$(BUILT_PRODUCTS_DIR)/TapCounter.app/TapCounter";
			};
			name = Release;
		};
		A1E501CA1EC736DE001342AB /* Debug */ = {
			isa = XCBuildConfiguration;
			buildSettings = {
				ALWAYS_EMBED_SWIFT_STANDARD_LIBRARIES = YES;
				DEVELOPMENT_TEAM = EURL27CLKV;
				INFOPLIST_FILE = TapCounterUITests/Info.plist;
				LD_RUNPATH_SEARCH_PATHS = "$(inherited) @executable_path/Frameworks @loader_path/Frameworks";
				PRODUCT_BUNDLE_IDENTIFIER = com.andywong.TapCounterUITests;
				PRODUCT_NAME = "$(TARGET_NAME)";
				SWIFT_VERSION = 3.0;
				TEST_TARGET_NAME = TapCounter;
			};
			name = Debug;
		};
		A1E501CB1EC736DE001342AB /* Release */ = {
			isa = XCBuildConfiguration;
			buildSettings = {
				ALWAYS_EMBED_SWIFT_STANDARD_LIBRARIES = YES;
				DEVELOPMENT_TEAM = EURL27CLKV;
				INFOPLIST_FILE = TapCounterUITests/Info.plist;
				LD_RUNPATH_SEARCH_PATHS = "$(inherited) @executable_path/Frameworks @loader_path/Frameworks";
				PRODUCT_BUNDLE_IDENTIFIER = com.andywong.TapCounterUITests;
				PRODUCT_NAME = "$(TARGET_NAME)";
				SWIFT_VERSION = 3.0;
				TEST_TARGET_NAME = TapCounter;
			};
			name = Release;
		};
/* End XCBuildConfiguration section */

/* Begin XCConfigurationList section */
		A1E501961EC736DE001342AB /* Build configuration list for PBXProject "TapCounter" */ = {
			isa = XCConfigurationList;
			buildConfigurations = (
				A1E501C11EC736DE001342AB /* Debug */,
				A1E501C21EC736DE001342AB /* Release */,
			);
			defaultConfigurationIsVisible = 0;
			defaultConfigurationName = Release;
		};
		A1E501C31EC736DE001342AB /* Build configuration list for PBXNativeTarget "TapCounter" */ = {
			isa = XCConfigurationList;
			buildConfigurations = (
				A1E501C41EC736DE001342AB /* Debug */,
				A1E501C51EC736DE001342AB /* Release */,
			);
			defaultConfigurationIsVisible = 0;
		};
		A1E501C61EC736DE001342AB /* Build configuration list for PBXNativeTarget "TapCounterTests" */ = {
			isa = XCConfigurationList;
			buildConfigurations = (
				A1E501C71EC736DE001342AB /* Debug */,
				A1E501C81EC736DE001342AB /* Release */,
			);
			defaultConfigurationIsVisible = 0;
		};
		A1E501C91EC736DE001342AB /* Build configuration list for PBXNativeTarget "TapCounterUITests" */ = {
			isa = XCConfigurationList;
			buildConfigurations = (
				A1E501CA1EC736DE001342AB /* Debug */,
				A1E501CB1EC736DE001342AB /* Release */,
			);
			defaultConfigurationIsVisible = 0;
		};
/* End XCConfigurationList section */
	};
	rootObject = A1E501931EC736DE001342AB /* Project object */;
}
